<?xml version="1.0" encoding="utf-8"?>
<Project ToolsVersion="4.0" xmlns="http://schemas.microsoft.com/developer/msbuild/2003">
  <ItemGroup>
    <Filter Include="logging">
      <UniqueIdentifier>{CC00C087-38E0-3E23-41F8-C9F9AD56A584}</UniqueIdentifier>
    </Filter>
  </ItemGroup>
  <ItemGroup>
    <ClInclude Include="src\EngineCore\Application.h" />
    <ClInclude Include="src\EngineCore\Core.h" />
    <ClInclude Include="src\EngineCore\Entry.h" />
    <ClInclude Include="src\EngineCore\Logging\Logger.h">
      <Filter>logging</Filter>
    </ClInclude>
  </ItemGroup>
  <ItemGroup>
    <ClCompile Include="src\EngineCore\Application.cpp" />
    <ClCompile Include="src\EngineCore\Logging\Logger.cpp">
      <Filter>logging</Filter>
    </ClCompile>
  </ItemGroup>
</Project>